
Microsoft Visual Studio Solution File, Format Version 12.00
# Visual Studio 15
VisualStudioVersion = 15.0.26124.0
MinimumVisualStudioVersion = 15.0.26124.0
Project("{2150E333-8FDC-42A3-9474-1A3956D46DE8}") = "src", "src", "{1EC5FF97-826F-40F0-994C-CC896334E028}"
EndProject
Project("{F2A71F9B-5D33-465A-A702-920D77279786}") = "OrderTaking", "src\OrderTaking\OrderTaking.fsproj", "{47430D84-D356-400D-8869-18D516F467A3}"
EndProject
Project("{F2A71F9B-5D33-465A-A702-920D77279786}") = "OrderTakingEvolved", "src\OrderTakingEvolved\OrderTakingEvolved.fsproj", "{0F28D977-5FA7-4E41-AD95-7311A8D08E02}"
EndProject
Global
	GlobalSection(SolutionConfigurationPlatforms) = preSolution
		Debug|Any CPU = Debug|Any CPU
		Debug|x64 = Debug|x64
		Debug|x86 = Debug|x86
		Release|Any CPU = Release|Any CPU
		Release|x64 = Release|x64
		Release|x86 = Release|x86
	EndGlobalSection
	GlobalSection(SolutionProperties) = preSolution
		HideSolutionNode = FALSE
	EndGlobalSection
	GlobalSection(ProjectConfigurationPlatforms) = postSolution
		{47430D84-D356-400D-8869-18D516F467A3}.Debug|Any CPU.ActiveCfg = Debug|Any CPU
		{47430D84-D356-400D-8869-18D516F467A3}.Debug|Any CPU.Build.0 = Debug|Any CPU
		{47430D84-D356-400D-8869-18D516F467A3}.Debug|x64.ActiveCfg = Debug|Any CPU
		{47430D84-D356-400D-8869-18D516F467A3}.Debug|x64.Build.0 = Debug|Any CPU
		{47430D84-D356-400D-8869-18D516F467A3}.Debug|x86.ActiveCfg = Debug|Any CPU
		{47430D84-D356-400D-8869-18D516F467A3}.Debug|x86.Build.0 = Debug|Any CPU
		{47430D84-D356-400D-8869-18D516F467A3}.Release|Any CPU.ActiveCfg = Release|Any CPU
		{47430D84-D356-400D-8869-18D516F467A3}.Release|Any CPU.Build.0 = Release|Any CPU
		{47430D84-D356-400D-8869-18D516F467A3}.Release|x64.ActiveCfg = Release|Any CPU
		{47430D84-D356-400D-8869-18D516F467A3}.Release|x64.Build.0 = Release|Any CPU
		{47430D84-D356-400D-8869-18D516F467A3}.Release|x86.ActiveCfg = Release|Any CPU
		{47430D84-D356-400D-8869-18D516F467A3}.Release|x86.Build.0 = Release|Any CPU
		{0F28D977-5FA7-4E41-AD95-7311A8D08E02}.Debug|Any CPU.ActiveCfg = Debug|Any CPU
		{0F28D977-5FA7-4E41-AD95-7311A8D08E02}.Debug|Any CPU.Build.0 = Debug|Any CPU
		{0F28D977-5FA7-4E41-AD95-7311A8D08E02}.Debug|x64.ActiveCfg = Debug|Any CPU
		{0F28D977-5FA7-4E41-AD95-7311A8D08E02}.Debug|x64.Build.0 = Debug|Any CPU
		{0F28D977-5FA7-4E41-AD95-7311A8D08E02}.Debug|x86.ActiveCfg = Debug|Any CPU
		{0F28D977-5FA7-4E41-AD95-7311A8D08E02}.Debug|x86.Build.0 = Debug|Any CPU
		{0F28D977-5FA7-4E41-AD95-7311A8D08E02}.Release|Any CPU.ActiveCfg = Release|Any CPU
		{0F28D977-5FA7-4E41-AD95-7311A8D08E02}.Release|Any CPU.Build.0 = Release|Any CPU
		{0F28D977-5FA7-4E41-AD95-7311A8D08E02}.Release|x64.ActiveCfg = Release|Any CPU
		{0F28D977-5FA7-4E41-AD95-7311A8D08E02}.Release|x64.Build.0 = Release|Any CPU
		{0F28D977-5FA7-4E41-AD95-7311A8D08E02}.Release|x86.ActiveCfg = Release|Any CPU
		{0F28D977-5FA7-4E41-AD95-7311A8D08E02}.Release|x86.Build.0 = Release|Any CPU
	EndGlobalSection
	GlobalSection(NestedProjects) = preSolution
		{47430D84-D356-400D-8869-18D516F467A3} = {1EC5FF97-826F-40F0-994C-CC896334E028}
		{0F28D977-5FA7-4E41-AD95-7311A8D08E02} = {1EC5FF97-826F-40F0-994C-CC896334E028}
	EndGlobalSection
EndGlobal
